<Solution>
  <Folder Name="/src/">
    <Project Path="src/Gw2Tp.Web/Gw2Tp.Web.csproj" />
    <Project Path="src/Gw2Tp.Domain/Gw2Tp.Domain.csproj" />
    <Project Path="src/Gw2Tp.Application/Gw2Tp.Application.csproj" />
    <Project Path="src/Gw2Tp.Analytics/Gw2Tp.Analytics.csproj" />
    <Project Path="src/Gw2Tp.Infrastructure/Gw2Tp.Infrastructure.csproj" />
  </Folder>
  <Folder Name="/tests/">
    <Project Path="tests/Gw2Tp.Domain.Tests/Gw2Tp.Domain.Tests.csproj" />
    <Project Path="tests/Gw2Tp.Application.Tests/Gw2Tp.Application.Tests.csproj" />
    <Project Path="tests/Gw2Tp.Analytics.Tests/Gw2Tp.Analytics.Tests.csproj" />
    <Project Path="tests/Gw2Tp.Infrastructure.Tests/Gw2Tp.Infrastructure.Tests.csproj" />
    <Project Path="tests/Gw2Tp.IntegrationTests/Gw2Tp.IntegrationTests.csproj" />
    <Project Path="tests/Gw2Tp.Testing/Gw2Tp.Testing.csproj" />
  </Folder>
</Solution>
